// !$*UTF8*$!
{
	archiveVersion = 1;
	classes = {
	};
	objectVersion = 50;
	objects = {

/* Begin PBXBuildFile section */
		54B131B422C2A6B60065B0BF /* AppDelegate.swift in Sources */ = {isa = PBXBuildFile; fileRef = 54B131B322C2A6B60065B0BF /* AppDelegate.swift */; };
		54B131C922C2A6B60065B0BF /* .swiftlint.yml in Resources */ = {isa = PBXBuildFile; fileRef = 54B131C822C2A6B60065B0BF /* .swiftlint.yml */; };
		54B131CC22C2A6B60065B0BF /* Localizable.strings in Resources */ = {isa = PBXBuildFile; fileRef = 54B131CA22C2A6B60065B0BF /* Localizable.strings */; };
		54B131D122C2A6B60065B0BF /* Main.storyboard in Resources */ = {isa = PBXBuildFile; fileRef = 54B131CF22C2A6B60065B0BF /* Main.storyboard */; };
		54B131D322C2A6B70065B0BF /* Assets.xcassets in Resources */ = {isa = PBXBuildFile; fileRef = 54B131D222C2A6B70065B0BF /* Assets.xcassets */; };
		54B131D622C2A6B70065B0BF /* LaunchScreen.storyboard in Resources */ = {isa = PBXBuildFile; fileRef = 54B131D422C2A6B70065B0BF /* LaunchScreen.storyboard */; };
		54B131F322C2A9540065B0BF /* CoctailListViewController.swift in Sources */ = {isa = PBXBuildFile; fileRef = 54B131F222C2A9540065B0BF /* CoctailListViewController.swift */; };
		54B131F522C2A9720065B0BF /* CoctailListMasterView.swift in Sources */ = {isa = PBXBuildFile; fileRef = 54B131F422C2A9720065B0BF /* CoctailListMasterView.swift */; };
		54B131FD22C2AAFC0065B0BF /* Drink.swift in Sources */ = {isa = PBXBuildFile; fileRef = 54B131FC22C2AAFC0065B0BF /* Drink.swift */; };
		54B131FF22C2AB4A0065B0BF /* BaseResponse.swift in Sources */ = {isa = PBXBuildFile; fileRef = 54B131FE22C2AB4A0065B0BF /* BaseResponse.swift */; };
		54B1320522C2AD1C0065B0BF /* CoctailCell.swift in Sources */ = {isa = PBXBuildFile; fileRef = 54B1320322C2AD1C0065B0BF /* CoctailCell.swift */; };
		54B1320622C2AD1C0065B0BF /* CoctailCell.xib in Resources */ = {isa = PBXBuildFile; fileRef = 54B1320422C2AD1C0065B0BF /* CoctailCell.xib */; };
		54B1320922C2AE2D0065B0BF /* Cells.swift in Sources */ = {isa = PBXBuildFile; fileRef = 54B1320822C2AE2D0065B0BF /* Cells.swift */; };
		54B1320B22C2AE700065B0BF /* CoctailListMAsterViewContract.swift in Sources */ = {isa = PBXBuildFile; fileRef = 54B1320A22C2AE700065B0BF /* CoctailListMAsterViewContract.swift */; };
		54B1320D22C2AEF80065B0BF /* CoctailListPresenter.swift in Sources */ = {isa = PBXBuildFile; fileRef = 54B1320C22C2AEF80065B0BF /* CoctailListPresenter.swift */; };
		54B1320F22C2AF150065B0BF /* BasePresenter.swift in Sources */ = {isa = PBXBuildFile; fileRef = 54B1320E22C2AF150065B0BF /* BasePresenter.swift */; };
		54B1321122C2AF3D0065B0BF /* CoctailListViewModel.swift in Sources */ = {isa = PBXBuildFile; fileRef = 54B1321022C2AF3D0065B0BF /* CoctailListViewModel.swift */; };
		54B1321522C2B0B50065B0BF /* Presentable.swift in Sources */ = {isa = PBXBuildFile; fileRef = 54B1321422C2B0B50065B0BF /* Presentable.swift */; };
		54B1321822C2BA4B0065B0BF /* DataServiceProvider.swift in Sources */ = {isa = PBXBuildFile; fileRef = 54B1321722C2BA4B0065B0BF /* DataServiceProvider.swift */; };
		54B1321A22C2BA670065B0BF /* DrinkListService.swift in Sources */ = {isa = PBXBuildFile; fileRef = 54B1321922C2BA670065B0BF /* DrinkListService.swift */; };
		54B1321E22C2BC100065B0BF /* DrinkResponse.swift in Sources */ = {isa = PBXBuildFile; fileRef = 54B1321D22C2BC100065B0BF /* DrinkResponse.swift */; };
		54B1322022C2BDCB0065B0BF /* UIImage+DownloadImage.swift in Sources */ = {isa = PBXBuildFile; fileRef = 54B1321F22C2BDCB0065B0BF /* UIImage+DownloadImage.swift */; };
		E07A0A33B0A67AB8B2543EDF /* Pods_MVVMPTesting.framework in Frameworks */ = {isa = PBXBuildFile; fileRef = F11F9619ECC87400E765717D /* Pods_MVVMPTesting.framework */; };
/* End PBXBuildFile section */

/* Begin PBXFileReference section */
		54B131B022C2A6B60065B0BF /* MVVMPTesting.app */ = {isa = PBXFileReference; explicitFileType = wrapper.application; includeInIndex = 0; path = MVVMPTesting.app; sourceTree = BUILT_PRODUCTS_DIR; };
		54B131B322C2A6B60065B0BF /* AppDelegate.swift */ = {isa = PBXFileReference; lastKnownFileType = sourcecode.swift; path = AppDelegate.swift; sourceTree = "<group>"; };
		54B131C822C2A6B60065B0BF /* .swiftlint.yml */ = {isa = PBXFileReference; lastKnownFileType = text; name = .swiftlint.yml; path = ../.swiftlint.yml; sourceTree = "<group>"; };
		54B131CB22C2A6B60065B0BF /* Base */ = {isa = PBXFileReference; lastKnownFileType = text.plist.strings; name = Base; path = Base.lproj/Localizable.strings; sourceTree = "<group>"; };
		54B131D022C2A6B60065B0BF /* Base */ = {isa = PBXFileReference; lastKnownFileType = file.storyboard; name = Base; path = Base.lproj/Main.storyboard; sourceTree = "<group>"; };
		54B131D222C2A6B70065B0BF /* Assets.xcassets */ = {isa = PBXFileReference; lastKnownFileType = folder.assetcatalog; path = Assets.xcassets; sourceTree = "<group>"; };
		54B131D522C2A6B70065B0BF /* Base */ = {isa = PBXFileReference; lastKnownFileType = file.storyboard; name = Base; path = Base.lproj/LaunchScreen.storyboard; sourceTree = "<group>"; };
		54B131D722C2A6B70065B0BF /* Info.plist */ = {isa = PBXFileReference; lastKnownFileType = text.plist.xml; path = Info.plist; sourceTree = "<group>"; };
		54B131F222C2A9540065B0BF /* CoctailListViewController.swift */ = {isa = PBXFileReference; lastKnownFileType = sourcecode.swift; path = CoctailListViewController.swift; sourceTree = "<group>"; };
		54B131F422C2A9720065B0BF /* CoctailListMasterView.swift */ = {isa = PBXFileReference; lastKnownFileType = sourcecode.swift; path = CoctailListMasterView.swift; sourceTree = "<group>"; };
		54B131FC22C2AAFC0065B0BF /* Drink.swift */ = {isa = PBXFileReference; lastKnownFileType = sourcecode.swift; path = Drink.swift; sourceTree = "<group>"; };
		54B131FE22C2AB4A0065B0BF /* BaseResponse.swift */ = {isa = PBXFileReference; fileEncoding = 4; lastKnownFileType = sourcecode.swift; path = BaseResponse.swift; sourceTree = "<group>"; };
		54B1320322C2AD1C0065B0BF /* CoctailCell.swift */ = {isa = PBXFileReference; lastKnownFileType = sourcecode.swift; path = CoctailCell.swift; sourceTree = "<group>"; };
		54B1320422C2AD1C0065B0BF /* CoctailCell.xib */ = {isa = PBXFileReference; lastKnownFileType = file.xib; path = CoctailCell.xib; sourceTree = "<group>"; };
		54B1320822C2AE2D0065B0BF /* Cells.swift */ = {isa = PBXFileReference; lastKnownFileType = sourcecode.swift; path = Cells.swift; sourceTree = "<group>"; };
		54B1320A22C2AE700065B0BF /* CoctailListMAsterViewContract.swift */ = {isa = PBXFileReference; fileEncoding = 4; lastKnownFileType = sourcecode.swift; path = CoctailListMAsterViewContract.swift; sourceTree = "<group>"; };
		54B1320C22C2AEF80065B0BF /* CoctailListPresenter.swift */ = {isa = PBXFileReference; lastKnownFileType = sourcecode.swift; path = CoctailListPresenter.swift; sourceTree = "<group>"; };
		54B1320E22C2AF150065B0BF /* BasePresenter.swift */ = {isa = PBXFileReference; lastKnownFileType = sourcecode.swift; path = BasePresenter.swift; sourceTree = "<group>"; };
		54B1321022C2AF3D0065B0BF /* CoctailListViewModel.swift */ = {isa = PBXFileReference; lastKnownFileType = sourcecode.swift; path = CoctailListViewModel.swift; sourceTree = "<group>"; };
		54B1321422C2B0B50065B0BF /* Presentable.swift */ = {isa = PBXFileReference; lastKnownFileType = sourcecode.swift; path = Presentable.swift; sourceTree = "<group>"; };
		54B1321722C2BA4B0065B0BF /* DataServiceProvider.swift */ = {isa = PBXFileReference; lastKnownFileType = sourcecode.swift; path = DataServiceProvider.swift; sourceTree = "<group>"; };
		54B1321922C2BA670065B0BF /* DrinkListService.swift */ = {isa = PBXFileReference; lastKnownFileType = sourcecode.swift; path = DrinkListService.swift; sourceTree = "<group>"; };
		54B1321D22C2BC100065B0BF /* DrinkResponse.swift */ = {isa = PBXFileReference; lastKnownFileType = sourcecode.swift; path = DrinkResponse.swift; sourceTree = "<group>"; };
		54B1321F22C2BDCB0065B0BF /* UIImage+DownloadImage.swift */ = {isa = PBXFileReference; lastKnownFileType = sourcecode.swift; path = "UIImage+DownloadImage.swift"; sourceTree = "<group>"; };
		771EBDC96BC1147EE968EE0B /* Pods-MVVMPTesting.debug.xcconfig */ = {isa = PBXFileReference; includeInIndex = 1; lastKnownFileType = text.xcconfig; name = "Pods-MVVMPTesting.debug.xcconfig"; path = "Target Support Files/Pods-MVVMPTesting/Pods-MVVMPTesting.debug.xcconfig"; sourceTree = "<group>"; };
		AAD5E9F4C3FD5731148D6887 /* Pods-MVVMPTesting.release.xcconfig */ = {isa = PBXFileReference; includeInIndex = 1; lastKnownFileType = text.xcconfig; name = "Pods-MVVMPTesting.release.xcconfig"; path = "Target Support Files/Pods-MVVMPTesting/Pods-MVVMPTesting.release.xcconfig"; sourceTree = "<group>"; };
		F11F9619ECC87400E765717D /* Pods_MVVMPTesting.framework */ = {isa = PBXFileReference; explicitFileType = wrapper.framework; includeInIndex = 0; path = Pods_MVVMPTesting.framework; sourceTree = BUILT_PRODUCTS_DIR; };
/* End PBXFileReference section */

/* Begin PBXFrameworksBuildPhase section */
		54B131AC22C2A6B60065B0BF /* Frameworks */ = {
			isa = PBXFrameworksBuildPhase;
			buildActionMask = 2147483647;
			files = (
				E07A0A33B0A67AB8B2543EDF /* Pods_MVVMPTesting.framework in Frameworks */,
			);
			runOnlyForDeploymentPostprocessing = 0;
		};
/* End PBXFrameworksBuildPhase section */

/* Begin PBXGroup section */
		50D9ECCAC838D8089A374318 /* Pods */ = {
			isa = PBXGroup;
			children = (
				771EBDC96BC1147EE968EE0B /* Pods-MVVMPTesting.debug.xcconfig */,
				AAD5E9F4C3FD5731148D6887 /* Pods-MVVMPTesting.release.xcconfig */,
			);
			path = Pods;
			sourceTree = "<group>";
		};
		54B131A622C2A6B60065B0BF = {
			isa = PBXGroup;
			children = (
				54B131B222C2A6B60065B0BF /* MVVMPTesting */,
				54B131B122C2A6B60065B0BF /* Products */,
				50D9ECCAC838D8089A374318 /* Pods */,
				91998FAC4F8A23F6437380B8 /* Frameworks */,
			);
			sourceTree = "<group>";
		};
		54B131B122C2A6B60065B0BF /* Products */ = {
			isa = PBXGroup;
			children = (
				54B131B022C2A6B60065B0BF /* MVVMPTesting.app */,
			);
			name = Products;
			sourceTree = "<group>";
		};
		54B131B222C2A6B60065B0BF /* MVVMPTesting */ = {
			isa = PBXGroup;
			children = (
				54B1321622C2BA240065B0BF /* Services */,
				54B1321222C2B0A40065B0BF /* Protocols */,
				54B1320722C2AE1F0065B0BF /* Utilities */,
				54B131FB22C2AA910065B0BF /* Models */,
				54B131F822C2A9D60065B0BF /* ViewContracts */,
				54B131F722C2A9CD0065B0BF /* ViewModels */,
				54B131F622C2A9C60065B0BF /* Presenters */,
				54B131F122C2A7F50065B0BF /* Controllers */,
				54B131EF22C2A7AC0065B0BF /* Views */,
				54B131B322C2A6B60065B0BF /* AppDelegate.swift */,
				54B131C822C2A6B60065B0BF /* .swiftlint.yml */,
				54B131CA22C2A6B60065B0BF /* Localizable.strings */,
				54B131CF22C2A6B60065B0BF /* Main.storyboard */,
				54B131D222C2A6B70065B0BF /* Assets.xcassets */,
				54B131D422C2A6B70065B0BF /* LaunchScreen.storyboard */,
				54B131D722C2A6B70065B0BF /* Info.plist */,
			);
			path = MVVMPTesting;
			sourceTree = "<group>";
		};
		54B131EF22C2A7AC0065B0BF /* Views */ = {
			isa = PBXGroup;
			children = (
				54B1320022C2ACAD0065B0BF /* Cells */,
				54B131F422C2A9720065B0BF /* CoctailListMasterView.swift */,
			);
			path = Views;
			sourceTree = "<group>";
		};
		54B131F122C2A7F50065B0BF /* Controllers */ = {
			isa = PBXGroup;
			children = (
				54B131F222C2A9540065B0BF /* CoctailListViewController.swift */,
			);
			path = Controllers;
			sourceTree = "<group>";
		};
		54B131F622C2A9C60065B0BF /* Presenters */ = {
			isa = PBXGroup;
			children = (
				54B1320C22C2AEF80065B0BF /* CoctailListPresenter.swift */,
				54B1320E22C2AF150065B0BF /* BasePresenter.swift */,
			);
			path = Presenters;
			sourceTree = "<group>";
		};
		54B131F722C2A9CD0065B0BF /* ViewModels */ = {
			isa = PBXGroup;
			children = (
				54B1321022C2AF3D0065B0BF /* CoctailListViewModel.swift */,
			);
			path = ViewModels;
			sourceTree = "<group>";
		};
		54B131F822C2A9D60065B0BF /* ViewContracts */ = {
			isa = PBXGroup;
			children = (
				54B1320A22C2AE700065B0BF /* CoctailListMAsterViewContract.swift */,
			);
			path = ViewContracts;
			sourceTree = "<group>";
		};
		54B131FB22C2AA910065B0BF /* Models */ = {
			isa = PBXGroup;
			children = (
				54B131FE22C2AB4A0065B0BF /* BaseResponse.swift */,
				54B131FC22C2AAFC0065B0BF /* Drink.swift */,
				54B1321D22C2BC100065B0BF /* DrinkResponse.swift */,
			);
			path = Models;
			sourceTree = "<group>";
		};
		54B1320022C2ACAD0065B0BF /* Cells */ = {
			isa = PBXGroup;
			children = (
				54B1320322C2AD1C0065B0BF /* CoctailCell.swift */,
				54B1320422C2AD1C0065B0BF /* CoctailCell.xib */,
			);
			path = Cells;
			sourceTree = "<group>";
		};
		54B1320722C2AE1F0065B0BF /* Utilities */ = {
			isa = PBXGroup;
			children = (
				54B1320822C2AE2D0065B0BF /* Cells.swift */,
				54B1321F22C2BDCB0065B0BF /* UIImage+DownloadImage.swift */,
			);
			path = Utilities;
			sourceTree = "<group>";
		};
		54B1321222C2B0A40065B0BF /* Protocols */ = {
			isa = PBXGroup;
			children = (
				54B1321422C2B0B50065B0BF /* Presentable.swift */,
			);
			path = Protocols;
			sourceTree = "<group>";
		};
		54B1321622C2BA240065B0BF /* Services */ = {
			isa = PBXGroup;
			children = (
				54B1321722C2BA4B0065B0BF /* DataServiceProvider.swift */,
				54B1321922C2BA670065B0BF /* DrinkListService.swift */,
			);
			path = Services;
			sourceTree = "<group>";
		};
		91998FAC4F8A23F6437380B8 /* Frameworks */ = {
			isa = PBXGroup;
			children = (
				F11F9619ECC87400E765717D /* Pods_MVVMPTesting.framework */,
			);
			name = Frameworks;
			sourceTree = "<group>";
		};
/* End PBXGroup section */

/* Begin PBXNativeTarget section */
		54B131AF22C2A6B60065B0BF /* MVVMPTesting */ = {
			isa = PBXNativeTarget;
			buildConfigurationList = 54B131DA22C2A6B70065B0BF /* Build configuration list for PBXNativeTarget "MVVMPTesting" */;
			buildPhases = (
				B82CA4B345E75FE6CC67EF4A /* [CP] Check Pods Manifest.lock */,
				54B131AB22C2A6B60065B0BF /* Sources */,
				54B131AC22C2A6B60065B0BF /* Frameworks */,
				54B131AD22C2A6B60065B0BF /* Resources */,
				54B131AE22C2A6B60065B0BF /* ShellScript */,
				65D9EFB2F415CFD341EB4334 /* [CP] Embed Pods Frameworks */,
			);
			buildRules = (
			);
			dependencies = (
			);
			name = MVVMPTesting;
			productName = MVVMPTesting;
			productReference = 54B131B022C2A6B60065B0BF /* MVVMPTesting.app */;
			productType = "com.apple.product-type.application";
		};
/* End PBXNativeTarget section */

/* Begin PBXProject section */
		54B131A722C2A6B60065B0BF /* Project object */ = {
			isa = PBXProject;
			attributes = {
				LastSwiftUpdateCheck = 1020;
				LastUpgradeCheck = 1020;
				ORGANIZATIONNAME = "Zsolt Pete";
				TargetAttributes = {
					54B131AF22C2A6B60065B0BF = {
						CreatedOnToolsVersion = 10.2.1;
					};
				};
			};
			buildConfigurationList = 54B131AA22C2A6B60065B0BF /* Build configuration list for PBXProject "MVVMPTesting" */;
			compatibilityVersion = "Xcode 9.3";
			developmentRegion = en;
			hasScannedForEncodings = 0;
			knownRegions = (
				en,
				Base,
			);
			mainGroup = 54B131A622C2A6B60065B0BF;
			productRefGroup = 54B131B122C2A6B60065B0BF /* Products */;
			projectDirPath = "";
			projectRoot = "";
			targets = (
				54B131AF22C2A6B60065B0BF /* MVVMPTesting */,
			);
		};
/* End PBXProject section */

/* Begin PBXResourcesBuildPhase section */
		54B131AD22C2A6B60065B0BF /* Resources */ = {
			isa = PBXResourcesBuildPhase;
			buildActionMask = 2147483647;
			files = (
				54B131C922C2A6B60065B0BF /* .swiftlint.yml in Resources */,
				54B131CC22C2A6B60065B0BF /* Localizable.strings in Resources */,
				54B131D122C2A6B60065B0BF /* Main.storyboard in Resources */,
				54B131D622C2A6B70065B0BF /* LaunchScreen.storyboard in Resources */,
				54B131D322C2A6B70065B0BF /* Assets.xcassets in Resources */,
				54B1320622C2AD1C0065B0BF /* CoctailCell.xib in Resources */,
			);
			runOnlyForDeploymentPostprocessing = 0;
		};
/* End PBXResourcesBuildPhase section */

/* Begin PBXShellScriptBuildPhase section */
		54B131AE22C2A6B60065B0BF /* ShellScript */ = {
			isa = PBXShellScriptBuildPhase;
			buildActionMask = 2147483647;
			files = (
			);
			inputFileListPaths = (
			);
			inputPaths = (
			);
			outputFileListPaths = (
			);
			outputPaths = (
			);
			runOnlyForDeploymentPostprocessing = 0;
			shellPath = /bin/sh;
			shellScript = "\"${PODS_ROOT}/SwiftLint/swiftlint\"  lint --config .swiftlint.yml";
		};
		65D9EFB2F415CFD341EB4334 /* [CP] Embed Pods Frameworks */ = {
			isa = PBXShellScriptBuildPhase;
			buildActionMask = 2147483647;
			files = (
			);
			inputFileListPaths = (
			);
			inputPaths = (
				"${PODS_ROOT}/Target Support Files/Pods-MVVMPTesting/Pods-MVVMPTesting-frameworks.sh",
				"${BUILT_PRODUCTS_DIR}/Alamofire/Alamofire.framework",
				"${BUILT_PRODUCTS_DIR}/AlamofireObjectMapper/AlamofireObjectMapper.framework",
				"${BUILT_PRODUCTS_DIR}/CYExtensions/CYExtensions.framework",
				"${BUILT_PRODUCTS_DIR}/CYLocalization/CYLocalization.framework",
				"${BUILT_PRODUCTS_DIR}/ObjectMapper/ObjectMapper.framework",
				"${BUILT_PRODUCTS_DIR}/PixelPerfectSwift/PixelPerfectSwift.framework",
				"${BUILT_PRODUCTS_DIR}/RxCocoa/RxCocoa.framework",
				"${BUILT_PRODUCTS_DIR}/RxGesture/RxGesture.framework",
				"${BUILT_PRODUCTS_DIR}/RxOptional/RxOptional.framework",
				"${BUILT_PRODUCTS_DIR}/RxRelay/RxRelay.framework",
				"${BUILT_PRODUCTS_DIR}/RxSwift/RxSwift.framework",
				"${BUILT_PRODUCTS_DIR}/RxTheme/RxTheme.framework",
				"${BUILT_PRODUCTS_DIR}/SwifterSwift/SwifterSwift.framework",
				"${BUILT_PRODUCTS_DIR}/SwiftyJSON/SwiftyJSON.framework",
				"${BUILT_PRODUCTS_DIR}/Toast/Toast.framework",
			);
			name = "[CP] Embed Pods Frameworks";
			outputFileListPaths = (
			);
			outputPaths = (
				"${TARGET_BUILD_DIR}/${FRAMEWORKS_FOLDER_PATH}/Alamofire.framework",
				"${TARGET_BUILD_DIR}/${FRAMEWORKS_FOLDER_PATH}/AlamofireObjectMapper.framework",
				"${TARGET_BUILD_DIR}/${FRAMEWORKS_FOLDER_PATH}/CYExtensions.framework",
				"${TARGET_BUILD_DIR}/${FRAMEWORKS_FOLDER_PATH}/CYLocalization.framework",
				"${TARGET_BUILD_DIR}/${FRAMEWORKS_FOLDER_PATH}/ObjectMapper.framework",
				"${TARGET_BUILD_DIR}/${FRAMEWORKS_FOLDER_PATH}/PixelPerfectSwift.framework",
				"${TARGET_BUILD_DIR}/${FRAMEWORKS_FOLDER_PATH}/RxCocoa.framework",
				"${TARGET_BUILD_DIR}/${FRAMEWORKS_FOLDER_PATH}/RxGesture.framework",
				"${TARGET_BUILD_DIR}/${FRAMEWORKS_FOLDER_PATH}/RxOptional.framework",
				"${TARGET_BUILD_DIR}/${FRAMEWORKS_FOLDER_PATH}/RxRelay.framework",
				"${TARGET_BUILD_DIR}/${FRAMEWORKS_FOLDER_PATH}/RxSwift.framework",
				"${TARGET_BUILD_DIR}/${FRAMEWORKS_FOLDER_PATH}/RxTheme.framework",
				"${TARGET_BUILD_DIR}/${FRAMEWORKS_FOLDER_PATH}/SwifterSwift.framework",
				"${TARGET_BUILD_DIR}/${FRAMEWORKS_FOLDER_PATH}/SwiftyJSON.framework",
				"${TARGET_BUILD_DIR}/${FRAMEWORKS_FOLDER_PATH}/Toast.framework",
			);
			runOnlyForDeploymentPostprocessing = 0;
			shellPath = /bin/sh;
			shellScript = "\"${PODS_ROOT}/Target Support Files/Pods-MVVMPTesting/Pods-MVVMPTesting-frameworks.sh\"\n";
			showEnvVarsInLog = 0;
		};
		B82CA4B345E75FE6CC67EF4A /* [CP] Check Pods Manifest.lock */ = {
			isa = PBXShellScriptBuildPhase;
			buildActionMask = 2147483647;
			files = (
			);
			inputFileListPaths = (
			);
			inputPaths = (
				"${PODS_PODFILE_DIR_PATH}/Podfile.lock",
				"${PODS_ROOT}/Manifest.lock",
			);
			name = "[CP] Check Pods Manifest.lock";
			outputFileListPaths = (
			);
			outputPaths = (
				"$(DERIVED_FILE_DIR)/Pods-MVVMPTesting-checkManifestLockResult.txt",
			);
			runOnlyForDeploymentPostprocessing = 0;
			shellPath = /bin/sh;
			shellScript = "diff \"${PODS_PODFILE_DIR_PATH}/Podfile.lock\" \"${PODS_ROOT}/Manifest.lock\" > /dev/null\nif [ $? != 0 ] ; then\n    # print error to STDERR\n    echo \"error: The sandbox is not in sync with the Podfile.lock. Run 'pod install' or update your CocoaPods installation.\" >&2\n    exit 1\nfi\n# This output is used by Xcode 'outputs' to avoid re-running this script phase.\necho \"SUCCESS\" > \"${SCRIPT_OUTPUT_FILE_0}\"\n";
			showEnvVarsInLog = 0;
		};
/* End PBXShellScriptBuildPhase section */

/* Begin PBXSourcesBuildPhase section */
		54B131AB22C2A6B60065B0BF /* Sources */ = {
			isa = PBXSourcesBuildPhase;
			buildActionMask = 2147483647;
			files = (
				54B131F322C2A9540065B0BF /* CoctailListViewController.swift in Sources */,
				54B1320F22C2AF150065B0BF /* BasePresenter.swift in Sources */,
				54B1321822C2BA4B0065B0BF /* DataServiceProvider.swift in Sources */,
				54B1321E22C2BC100065B0BF /* DrinkResponse.swift in Sources */,
				54B1320D22C2AEF80065B0BF /* CoctailListPresenter.swift in Sources */,
				54B1320922C2AE2D0065B0BF /* Cells.swift in Sources */,
				54B131F522C2A9720065B0BF /* CoctailListMasterView.swift in Sources */,
				54B1321522C2B0B50065B0BF /* Presentable.swift in Sources */,
				54B131FF22C2AB4A0065B0BF /* BaseResponse.swift in Sources */,
				54B1321A22C2BA670065B0BF /* DrinkListService.swift in Sources */,
				54B1320522C2AD1C0065B0BF /* CoctailCell.swift in Sources */,
				54B1321122C2AF3D0065B0BF /* CoctailListViewModel.swift in Sources */,
				54B131FD22C2AAFC0065B0BF /* Drink.swift in Sources */,
				54B1322022C2BDCB0065B0BF /* UIImage+DownloadImage.swift in Sources */,
				54B1320B22C2AE700065B0BF /* CoctailListMAsterViewContract.swift in Sources */,
				54B131B422C2A6B60065B0BF /* AppDelegate.swift in Sources */,
			);
			runOnlyForDeploymentPostprocessing = 0;
		};
/* End PBXSourcesBuildPhase section */

/* Begin PBXVariantGroup section */
		54B131CA22C2A6B60065B0BF /* Localizable.strings */ = {
			isa = PBXVariantGroup;
			children = (
				54B131CB22C2A6B60065B0BF /* Base */,
			);
			name = Localizable.strings;
			sourceTree = "<group>";
		};
		54B131CF22C2A6B60065B0BF /* Main.storyboard */ = {
			isa = PBXVariantGroup;
			children = (
				54B131D022C2A6B60065B0BF /* Base */,
			);
			name = Main.storyboard;
			sourceTree = "<group>";
		};
		54B131D422C2A6B70065B0BF /* LaunchScreen.storyboard */ = {
			isa = PBXVariantGroup;
			children = (
				54B131D522C2A6B70065B0BF /* Base */,
			);
			name = LaunchScreen.storyboard;
			sourceTree = "<group>";
		};
/* End PBXVariantGroup section */

/* Begin XCBuildConfiguration section */
		54B131D822C2A6B70065B0BF /* Debug */ = {
			isa = XCBuildConfiguration;
			buildSettings = {
				ALWAYS_SEARCH_USER_PATHS = NO;
				CLANG_ANALYZER_NONNULL = YES;
				CLANG_ANALYZER_NUMBER_OBJECT_CONVERSION = YES_AGGRESSIVE;
				CLANG_CXX_LANGUAGE_STANDARD = "gnu++14";
				CLANG_CXX_LIBRARY = "libc++";
				CLANG_ENABLE_MODULES = YES;
				CLANG_ENABLE_OBJC_ARC = YES;
				CLANG_ENABLE_OBJC_WEAK = YES;
				CLANG_WARN_BLOCK_CAPTURE_AUTORELEASING = YES;
				CLANG_WARN_BOOL_CONVERSION = YES;
				CLANG_WARN_COMMA = YES;
				CLANG_WARN_CONSTANT_CONVERSION = YES;
				CLANG_WARN_DEPRECATED_OBJC_IMPLEMENTATIONS = YES;
				CLANG_WARN_DIRECT_OBJC_ISA_USAGE = YES_ERROR;
				CLANG_WARN_DOCUMENTATION_COMMENTS = YES;
				CLANG_WARN_EMPTY_BODY = YES;
				CLANG_WARN_ENUM_CONVERSION = YES;
				CLANG_WARN_INFINITE_RECURSION = YES;
				CLANG_WARN_INT_CONVERSION = YES;
				CLANG_WARN_NON_LITERAL_NULL_CONVERSION = YES;
				CLANG_WARN_OBJC_IMPLICIT_RETAIN_SELF = YES;
				CLANG_WARN_OBJC_LITERAL_CONVERSION = YES;
				CLANG_WARN_OBJC_ROOT_CLASS = YES_ERROR;
				CLANG_WARN_RANGE_LOOP_ANALYSIS = YES;
				CLANG_WARN_STRICT_PROTOTYPES = YES;
				CLANG_WARN_SUSPICIOUS_MOVE = YES;
				CLANG_WARN_UNGUARDED_AVAILABILITY = YES_AGGRESSIVE;
				CLANG_WARN_UNREACHABLE_CODE = YES;
				CLANG_WARN__DUPLICATE_METHOD_MATCH = YES;
				CODE_SIGN_IDENTITY = "iPhone Developer";
				COPY_PHASE_STRIP = NO;
				DEBUG_INFORMATION_FORMAT = dwarf;
				ENABLE_STRICT_OBJC_MSGSEND = YES;
				ENABLE_TESTABILITY = YES;
				GCC_C_LANGUAGE_STANDARD = gnu11;
				GCC_DYNAMIC_NO_PIC = NO;
				GCC_NO_COMMON_BLOCKS = YES;
				GCC_OPTIMIZATION_LEVEL = 0;
				GCC_PREPROCESSOR_DEFINITIONS = (
					"DEBUG=1",
					"$(inherited)",
				);
				GCC_WARN_64_TO_32_BIT_CONVERSION = YES;
				GCC_WARN_ABOUT_RETURN_TYPE = YES_ERROR;
				GCC_WARN_UNDECLARED_SELECTOR = YES;
				GCC_WARN_UNINITIALIZED_AUTOS = YES_AGGRESSIVE;
				GCC_WARN_UNUSED_FUNCTION = YES;
				GCC_WARN_UNUSED_VARIABLE = YES;
				IPHONEOS_DEPLOYMENT_TARGET = 12.2;
				MTL_ENABLE_DEBUG_INFO = INCLUDE_SOURCE;
				MTL_FAST_MATH = YES;
				ONLY_ACTIVE_ARCH = YES;
				SDKROOT = iphoneos;
				SWIFT_ACTIVE_COMPILATION_CONDITIONS = DEBUG;
				SWIFT_OPTIMIZATION_LEVEL = "-Onone";
			};
			name = Debug;
		};
		54B131D922C2A6B70065B0BF /* Release */ = {
			isa = XCBuildConfiguration;
			buildSettings = {
				ALWAYS_SEARCH_USER_PATHS = NO;
				CLANG_ANALYZER_NONNULL = YES;
				CLANG_ANALYZER_NUMBER_OBJECT_CONVERSION = YES_AGGRESSIVE;
				CLANG_CXX_LANGUAGE_STANDARD = "gnu++14";
				CLANG_CXX_LIBRARY = "libc++";
				CLANG_ENABLE_MODULES = YES;
				CLANG_ENABLE_OBJC_ARC = YES;
				CLANG_ENABLE_OBJC_WEAK = YES;
				CLANG_WARN_BLOCK_CAPTURE_AUTORELEASING = YES;
				CLANG_WARN_BOOL_CONVERSION = YES;
				CLANG_WARN_COMMA = YES;
				CLANG_WARN_CONSTANT_CONVERSION = YES;
				CLANG_WARN_DEPRECATED_OBJC_IMPLEMENTATIONS = YES;
				CLANG_WARN_DIRECT_OBJC_ISA_USAGE = YES_ERROR;
				CLANG_WARN_DOCUMENTATION_COMMENTS = YES;
				CLANG_WARN_EMPTY_BODY = YES;
				CLANG_WARN_ENUM_CONVERSION = YES;
				CLANG_WARN_INFINITE_RECURSION = YES;
				CLANG_WARN_INT_CONVERSION = YES;
				CLANG_WARN_NON_LITERAL_NULL_CONVERSION = YES;
				CLANG_WARN_OBJC_IMPLICIT_RETAIN_SELF = YES;
				CLANG_WARN_OBJC_LITERAL_CONVERSION = YES;
				CLANG_WARN_OBJC_ROOT_CLASS = YES_ERROR;
				CLANG_WARN_RANGE_LOOP_ANALYSIS = YES;
				CLANG_WARN_STRICT_PROTOTYPES = YES;
				CLANG_WARN_SUSPICIOUS_MOVE = YES;
				CLANG_WARN_UNGUARDED_AVAILABILITY = YES_AGGRESSIVE;
				CLANG_WARN_UNREACHABLE_CODE = YES;
				CLANG_WARN__DUPLICATE_METHOD_MATCH = YES;
				CODE_SIGN_IDENTITY = "iPhone Developer";
				COPY_PHASE_STRIP = NO;
				DEBUG_INFORMATION_FORMAT = "dwarf-with-dsym";
				ENABLE_NS_ASSERTIONS = NO;
				ENABLE_STRICT_OBJC_MSGSEND = YES;
				GCC_C_LANGUAGE_STANDARD = gnu11;
				GCC_NO_COMMON_BLOCKS = YES;
				GCC_WARN_64_TO_32_BIT_CONVERSION = YES;
				GCC_WARN_ABOUT_RETURN_TYPE = YES_ERROR;
				GCC_WARN_UNDECLARED_SELECTOR = YES;
				GCC_WARN_UNINITIALIZED_AUTOS = YES_AGGRESSIVE;
				GCC_WARN_UNUSED_FUNCTION = YES;
				GCC_WARN_UNUSED_VARIABLE = YES;
				IPHONEOS_DEPLOYMENT_TARGET = 12.2;
				MTL_ENABLE_DEBUG_INFO = NO;
				MTL_FAST_MATH = YES;
				SDKROOT = iphoneos;
				SWIFT_COMPILATION_MODE = wholemodule;
				SWIFT_OPTIMIZATION_LEVEL = "-O";
				VALIDATE_PRODUCT = YES;
			};
			name = Release;
		};
		54B131DB22C2A6B70065B0BF /* Debug */ = {
			isa = XCBuildConfiguration;
			baseConfigurationReference = 771EBDC96BC1147EE968EE0B /* Pods-MVVMPTesting.debug.xcconfig */;
			buildSettings = {
				ASSETCATALOG_COMPILER_APPICON_NAME = AppIcon;
				CODE_SIGN_STYLE = Automatic;
				DEVELOPMENT_TEAM = AFEL4SQNP4;
				INFOPLIST_FILE = MVVMPTesting/Info.plist;
				LD_RUNPATH_SEARCH_PATHS = (
					"$(inherited)",
					"@executable_path/Frameworks",
				);
				PRODUCT_BUNDLE_IDENTIFIER = eu.codeyard.MVVMPTesting;
				PRODUCT_NAME = "$(TARGET_NAME)";
				SWIFT_VERSION = 5.0;
				TARGETED_DEVICE_FAMILY = "1,2";
			};
			name = Debug;
		};
		54B131DC22C2A6B70065B0BF /* Release */ = {
			isa = XCBuildConfiguration;
			baseConfigurationReference = AAD5E9F4C3FD5731148D6887 /* Pods-MVVMPTesting.release.xcconfig */;
			buildSettings = {
				ASSETCATALOG_COMPILER_APPICON_NAME = AppIcon;
				CODE_SIGN_STYLE = Automatic;
				DEVELOPMENT_TEAM = AFEL4SQNP4;
				INFOPLIST_FILE = MVVMPTesting/Info.plist;
				LD_RUNPATH_SEARCH_PATHS = (
					"$(inherited)",
					"@executable_path/Frameworks",
				);
				PRODUCT_BUNDLE_IDENTIFIER = eu.codeyard.MVVMPTesting;
				PRODUCT_NAME = "$(TARGET_NAME)";
				SWIFT_VERSION = 5.0;
				TARGETED_DEVICE_FAMILY = "1,2";
			};
			name = Release;
		};
/* End XCBuildConfiguration section */

/* Begin XCConfigurationList section */
		54B131AA22C2A6B60065B0BF /* Build configuration list for PBXProject "MVVMPTesting" */ = {
			isa = XCConfigurationList;
			buildConfigurations = (
				54B131D822C2A6B70065B0BF /* Debug */,
				54B131D922C2A6B70065B0BF /* Release */,
			);
			defaultConfigurationIsVisible = 0;
			defaultConfigurationName = Release;
		};
		54B131DA22C2A6B70065B0BF /* Build configuration list for PBXNativeTarget "MVVMPTesting" */ = {
			isa = XCConfigurationList;
			buildConfigurations = (
				54B131DB22C2A6B70065B0BF /* Debug */,
				54B131DC22C2A6B70065B0BF /* Release */,
			);
			defaultConfigurationIsVisible = 0;
			defaultConfigurationName = Release;
		};
/* End XCConfigurationList section */
	};
	rootObject = 54B131A722C2A6B60065B0BF /* Project object */;
}
